
Microsoft Visual Studio Solution File, Format Version 12.00
# Visual Studio 15
VisualStudioVersion = 15.0.26430.14
MinimumVisualStudioVersion = 10.0.40219.1
Project("{FAE04EC0-301F-11D3-BF4B-00C04F79EFBC}") = "MobileCenterDemoApp.Android", "MobileCenterDemoApp\MobileCenterDemoApp.Android\MobileCenterDemoApp.Android.csproj", "{025DD60B-0B4E-41D4-8F40-B246BDCA2FBC}"
EndProject
Project("{FAE04EC0-301F-11D3-BF4B-00C04F79EFBC}") = "MobileCenterDemoApp", "MobileCenterDemoApp\MobileCenterDemoApp\MobileCenterDemoApp.csproj", "{DBDBD08F-6470-4E0D-BAE7-A319749BF251}"
EndProject
Project("{FAE04EC0-301F-11D3-BF4B-00C04F79EFBC}") = "MobileCenterDemoApp.UWP", "MobileCenterDemoApp\MobileCenterDemoApp.UWP\MobileCenterDemoApp.UWP.csproj", "{AEEF1632-9996-4202-8E26-12A34840D09A}"
EndProject
Project("{FAE04EC0-301F-11D3-BF4B-00C04F79EFBC}") = "MobileCenterDemoApp.iOS", "MobileCenterDemoApp\MobileCenterDemoApp.iOS\MobileCenterDemoApp.iOS.csproj", "{F7D40A2E-C1EF-4782-A512-102AF5AF46EB}"
EndProject
Global
	GlobalSection(SolutionConfigurationPlatforms) = preSolution
		Ad-Hoc|Any CPU = Ad-Hoc|Any CPU
		Ad-Hoc|ARM = Ad-Hoc|ARM
		Ad-Hoc|iPhone = Ad-Hoc|iPhone
		Ad-Hoc|iPhoneSimulator = Ad-Hoc|iPhoneSimulator
		Ad-Hoc|x64 = Ad-Hoc|x64
		Ad-Hoc|x86 = Ad-Hoc|x86
		AppStore|Any CPU = AppStore|Any CPU
		AppStore|ARM = AppStore|ARM
		AppStore|iPhone = AppStore|iPhone
		AppStore|iPhoneSimulator = AppStore|iPhoneSimulator
		AppStore|x64 = AppStore|x64
		AppStore|x86 = AppStore|x86
		Debug|Any CPU = Debug|Any CPU
		Debug|ARM = Debug|ARM
		Debug|iPhone = Debug|iPhone
		Debug|iPhoneSimulator = Debug|iPhoneSimulator
		Debug|x64 = Debug|x64
		Debug|x86 = Debug|x86
		Release|Any CPU = Release|Any CPU
		Release|ARM = Release|ARM
		Release|iPhone = Release|iPhone
		Release|iPhoneSimulator = Release|iPhoneSimulator
		Release|x64 = Release|x64
		Release|x86 = Release|x86
	EndGlobalSection
	GlobalSection(ProjectConfigurationPlatforms) = postSolution
		{025DD60B-0B4E-41D4-8F40-B246BDCA2FBC}.Ad-Hoc|Any CPU.ActiveCfg = Release|Any CPU
		{025DD60B-0B4E-41D4-8F40-B246BDCA2FBC}.Ad-Hoc|Any CPU.Build.0 = Release|Any CPU
		{025DD60B-0B4E-41D4-8F40-B246BDCA2FBC}.Ad-Hoc|Any CPU.Deploy.0 = Release|Any CPU
		{025DD60B-0B4E-41D4-8F40-B246BDCA2FBC}.Ad-Hoc|ARM.ActiveCfg = Release|Any CPU
		{025DD60B-0B4E-41D4-8F40-B246BDCA2FBC}.Ad-Hoc|ARM.Build.0 = Release|Any CPU
		{025DD60B-0B4E-41D4-8F40-B246BDCA2FBC}.Ad-Hoc|ARM.Deploy.0 = Release|Any CPU
		{025DD60B-0B4E-41D4-8F40-B246BDCA2FBC}.Ad-Hoc|iPhone.ActiveCfg = Release|Any CPU
		{025DD60B-0B4E-41D4-8F40-B246BDCA2FBC}.Ad-Hoc|iPhone.Build.0 = Release|Any CPU
		{025DD60B-0B4E-41D4-8F40-B246BDCA2FBC}.Ad-Hoc|iPhone.Deploy.0 = Release|Any CPU
		{025DD60B-0B4E-41D4-8F40-B246BDCA2FBC}.Ad-Hoc|iPhoneSimulator.ActiveCfg = Release|Any CPU
		{025DD60B-0B4E-41D4-8F40-B246BDCA2FBC}.Ad-Hoc|iPhoneSimulator.Build.0 = Release|Any CPU
		{025DD60B-0B4E-41D4-8F40-B246BDCA2FBC}.Ad-Hoc|iPhoneSimulator.Deploy.0 = Release|Any CPU
		{025DD60B-0B4E-41D4-8F40-B246BDCA2FBC}.Ad-Hoc|x64.ActiveCfg = Release|Any CPU
		{025DD60B-0B4E-41D4-8F40-B246BDCA2FBC}.Ad-Hoc|x64.Build.0 = Release|Any CPU
		{025DD60B-0B4E-41D4-8F40-B246BDCA2FBC}.Ad-Hoc|x64.Deploy.0 = Release|Any CPU
		{025DD60B-0B4E-41D4-8F40-B246BDCA2FBC}.Ad-Hoc|x86.ActiveCfg = Release|Any CPU
		{025DD60B-0B4E-41D4-8F40-B246BDCA2FBC}.Ad-Hoc|x86.Build.0 = Release|Any CPU
		{025DD60B-0B4E-41D4-8F40-B246BDCA2FBC}.Ad-Hoc|x86.Deploy.0 = Release|Any CPU
		{025DD60B-0B4E-41D4-8F40-B246BDCA2FBC}.AppStore|Any CPU.ActiveCfg = Release|Any CPU
		{025DD60B-0B4E-41D4-8F40-B246BDCA2FBC}.AppStore|Any CPU.Build.0 = Release|Any CPU
		{025DD60B-0B4E-41D4-8F40-B246BDCA2FBC}.AppStore|Any CPU.Deploy.0 = Release|Any CPU
		{025DD60B-0B4E-41D4-8F40-B246BDCA2FBC}.AppStore|ARM.ActiveCfg = Release|Any CPU
		{025DD60B-0B4E-41D4-8F40-B246BDCA2FBC}.AppStore|ARM.Build.0 = Release|Any CPU
		{025DD60B-0B4E-41D4-8F40-B246BDCA2FBC}.AppStore|ARM.Deploy.0 = Release|Any CPU
		{025DD60B-0B4E-41D4-8F40-B246BDCA2FBC}.AppStore|iPhone.ActiveCfg = Release|Any CPU
		{025DD60B-0B4E-41D4-8F40-B246BDCA2FBC}.AppStore|iPhone.Build.0 = Release|Any CPU
		{025DD60B-0B4E-41D4-8F40-B246BDCA2FBC}.AppStore|iPhone.Deploy.0 = Release|Any CPU
		{025DD60B-0B4E-41D4-8F40-B246BDCA2FBC}.AppStore|iPhoneSimulator.ActiveCfg = Release|Any CPU
		{025DD60B-0B4E-41D4-8F40-B246BDCA2FBC}.AppStore|iPhoneSimulator.Build.0 = Release|Any CPU
		{025DD60B-0B4E-41D4-8F40-B246BDCA2FBC}.AppStore|iPhoneSimulator.Deploy.0 = Release|Any CPU
		{025DD60B-0B4E-41D4-8F40-B246BDCA2FBC}.AppStore|x64.ActiveCfg = Release|Any CPU
		{025DD60B-0B4E-41D4-8F40-B246BDCA2FBC}.AppStore|x64.Build.0 = Release|Any CPU
		{025DD60B-0B4E-41D4-8F40-B246BDCA2FBC}.AppStore|x64.Deploy.0 = Release|Any CPU
		{025DD60B-0B4E-41D4-8F40-B246BDCA2FBC}.AppStore|x86.ActiveCfg = Release|Any CPU
		{025DD60B-0B4E-41D4-8F40-B246BDCA2FBC}.AppStore|x86.Build.0 = Release|Any CPU
		{025DD60B-0B4E-41D4-8F40-B246BDCA2FBC}.AppStore|x86.Deploy.0 = Release|Any CPU
		{025DD60B-0B4E-41D4-8F40-B246BDCA2FBC}.Debug|Any CPU.ActiveCfg = Debug|Any CPU
		{025DD60B-0B4E-41D4-8F40-B246BDCA2FBC}.Debug|Any CPU.Build.0 = Debug|Any CPU
		{025DD60B-0B4E-41D4-8F40-B246BDCA2FBC}.Debug|Any CPU.Deploy.0 = Debug|Any CPU
		{025DD60B-0B4E-41D4-8F40-B246BDCA2FBC}.Debug|ARM.ActiveCfg = Debug|Any CPU
		{025DD60B-0B4E-41D4-8F40-B246BDCA2FBC}.Debug|ARM.Build.0 = Debug|Any CPU
		{025DD60B-0B4E-41D4-8F40-B246BDCA2FBC}.Debug|ARM.Deploy.0 = Debug|Any CPU
		{025DD60B-0B4E-41D4-8F40-B246BDCA2FBC}.Debug|iPhone.ActiveCfg = Debug|Any CPU
		{025DD60B-0B4E-41D4-8F40-B246BDCA2FBC}.Debug|iPhone.Build.0 = Debug|Any CPU
		{025DD60B-0B4E-41D4-8F40-B246BDCA2FBC}.Debug|iPhone.Deploy.0 = Debug|Any CPU
		{025DD60B-0B4E-41D4-8F40-B246BDCA2FBC}.Debug|iPhoneSimulator.ActiveCfg = Debug|Any CPU
		{025DD60B-0B4E-41D4-8F40-B246BDCA2FBC}.Debug|iPhoneSimulator.Build.0 = Debug|Any CPU
		{025DD60B-0B4E-41D4-8F40-B246BDCA2FBC}.Debug|iPhoneSimulator.Deploy.0 = Debug|Any CPU
		{025DD60B-0B4E-41D4-8F40-B246BDCA2FBC}.Debug|x64.ActiveCfg = Debug|Any CPU
		{025DD60B-0B4E-41D4-8F40-B246BDCA2FBC}.Debug|x64.Build.0 = Debug|Any CPU
		{025DD60B-0B4E-41D4-8F40-B246BDCA2FBC}.Debug|x64.Deploy.0 = Debug|Any CPU
		{025DD60B-0B4E-41D4-8F40-B246BDCA2FBC}.Debug|x86.ActiveCfg = Debug|Any CPU
		{025DD60B-0B4E-41D4-8F40-B246BDCA2FBC}.Debug|x86.Build.0 = Debug|Any CPU
		{025DD60B-0B4E-41D4-8F40-B246BDCA2FBC}.Debug|x86.Deploy.0 = Debug|Any CPU
		{025DD60B-0B4E-41D4-8F40-B246BDCA2FBC}.Release|Any CPU.ActiveCfg = Release|Any CPU
		{025DD60B-0B4E-41D4-8F40-B246BDCA2FBC}.Release|Any CPU.Build.0 = Release|Any CPU
		{025DD60B-0B4E-41D4-8F40-B246BDCA2FBC}.Release|Any CPU.Deploy.0 = Release|Any CPU
		{025DD60B-0B4E-41D4-8F40-B246BDCA2FBC}.Release|ARM.ActiveCfg = Release|Any CPU
		{025DD60B-0B4E-41D4-8F40-B246BDCA2FBC}.Release|ARM.Build.0 = Release|Any CPU
		{025DD60B-0B4E-41D4-8F40-B246BDCA2FBC}.Release|ARM.Deploy.0 = Release|Any CPU
		{025DD60B-0B4E-41D4-8F40-B246BDCA2FBC}.Release|iPhone.ActiveCfg = Release|Any CPU
		{025DD60B-0B4E-41D4-8F40-B246BDCA2FBC}.Release|iPhone.Build.0 = Release|Any CPU
		{025DD60B-0B4E-41D4-8F40-B246BDCA2FBC}.Release|iPhone.Deploy.0 = Release|Any CPU
		{025DD60B-0B4E-41D4-8F40-B246BDCA2FBC}.Release|iPhoneSimulator.ActiveCfg = Release|Any CPU
		{025DD60B-0B4E-41D4-8F40-B246BDCA2FBC}.Release|iPhoneSimulator.Build.0 = Release|Any CPU
		{025DD60B-0B4E-41D4-8F40-B246BDCA2FBC}.Release|iPhoneSimulator.Deploy.0 = Release|Any CPU
		{025DD60B-0B4E-41D4-8F40-B246BDCA2FBC}.Release|x64.ActiveCfg = Release|Any CPU
		{025DD60B-0B4E-41D4-8F40-B246BDCA2FBC}.Release|x64.Build.0 = Release|Any CPU
		{025DD60B-0B4E-41D4-8F40-B246BDCA2FBC}.Release|x64.Deploy.0 = Release|Any CPU
		{025DD60B-0B4E-41D4-8F40-B246BDCA2FBC}.Release|x86.ActiveCfg = Release|Any CPU
		{025DD60B-0B4E-41D4-8F40-B246BDCA2FBC}.Release|x86.Build.0 = Release|Any CPU
		{025DD60B-0B4E-41D4-8F40-B246BDCA2FBC}.Release|x86.Deploy.0 = Release|Any CPU
		{DBDBD08F-6470-4E0D-BAE7-A319749BF251}.Ad-Hoc|Any CPU.ActiveCfg = Release|Any CPU
		{DBDBD08F-6470-4E0D-BAE7-A319749BF251}.Ad-Hoc|Any CPU.Build.0 = Release|Any CPU
		{DBDBD08F-6470-4E0D-BAE7-A319749BF251}.Ad-Hoc|ARM.ActiveCfg = Release|Any CPU
		{DBDBD08F-6470-4E0D-BAE7-A319749BF251}.Ad-Hoc|ARM.Build.0 = Release|Any CPU
		{DBDBD08F-6470-4E0D-BAE7-A319749BF251}.Ad-Hoc|iPhone.ActiveCfg = Release|Any CPU
		{DBDBD08F-6470-4E0D-BAE7-A319749BF251}.Ad-Hoc|iPhone.Build.0 = Release|Any CPU
		{DBDBD08F-6470-4E0D-BAE7-A319749BF251}.Ad-Hoc|iPhoneSimulator.ActiveCfg = Release|Any CPU
		{DBDBD08F-6470-4E0D-BAE7-A319749BF251}.Ad-Hoc|iPhoneSimulator.Build.0 = Release|Any CPU
		{DBDBD08F-6470-4E0D-BAE7-A319749BF251}.Ad-Hoc|x64.ActiveCfg = Release|Any CPU
		{DBDBD08F-6470-4E0D-BAE7-A319749BF251}.Ad-Hoc|x64.Build.0 = Release|Any CPU
		{DBDBD08F-6470-4E0D-BAE7-A319749BF251}.Ad-Hoc|x86.ActiveCfg = Release|Any CPU
		{DBDBD08F-6470-4E0D-BAE7-A319749BF251}.Ad-Hoc|x86.Build.0 = Release|Any CPU
		{DBDBD08F-6470-4E0D-BAE7-A319749BF251}.AppStore|Any CPU.ActiveCfg = Release|Any CPU
		{DBDBD08F-6470-4E0D-BAE7-A319749BF251}.AppStore|Any CPU.Build.0 = Release|Any CPU
		{DBDBD08F-6470-4E0D-BAE7-A319749BF251}.AppStore|ARM.ActiveCfg = Release|Any CPU
		{DBDBD08F-6470-4E0D-BAE7-A319749BF251}.AppStore|ARM.Build.0 = Release|Any CPU
		{DBDBD08F-6470-4E0D-BAE7-A319749BF251}.AppStore|iPhone.ActiveCfg = Release|Any CPU
		{DBDBD08F-6470-4E0D-BAE7-A319749BF251}.AppStore|iPhone.Build.0 = Release|Any CPU
		{DBDBD08F-6470-4E0D-BAE7-A319749BF251}.AppStore|iPhoneSimulator.ActiveCfg = Release|Any CPU
		{DBDBD08F-6470-4E0D-BAE7-A319749BF251}.AppStore|iPhoneSimulator.Build.0 = Release|Any CPU
		{DBDBD08F-6470-4E0D-BAE7-A319749BF251}.AppStore|x64.ActiveCfg = Release|Any CPU
		{DBDBD08F-6470-4E0D-BAE7-A319749BF251}.AppStore|x64.Build.0 = Release|Any CPU
		{DBDBD08F-6470-4E0D-BAE7-A319749BF251}.AppStore|x86.ActiveCfg = Release|Any CPU
		{DBDBD08F-6470-4E0D-BAE7-A319749BF251}.AppStore|x86.Build.0 = Release|Any CPU
		{DBDBD08F-6470-4E0D-BAE7-A319749BF251}.Debug|Any CPU.ActiveCfg = Debug|Any CPU
		{DBDBD08F-6470-4E0D-BAE7-A319749BF251}.Debug|Any CPU.Build.0 = Debug|Any CPU
		{DBDBD08F-6470-4E0D-BAE7-A319749BF251}.Debug|ARM.ActiveCfg = Debug|Any CPU
		{DBDBD08F-6470-4E0D-BAE7-A319749BF251}.Debug|ARM.Build.0 = Debug|Any CPU
		{DBDBD08F-6470-4E0D-BAE7-A319749BF251}.Debug|iPhone.ActiveCfg = Debug|Any CPU
		{DBDBD08F-6470-4E0D-BAE7-A319749BF251}.Debug|iPhone.Build.0 = Debug|Any CPU
		{DBDBD08F-6470-4E0D-BAE7-A319749BF251}.Debug|iPhoneSimulator.ActiveCfg = Debug|Any CPU
		{DBDBD08F-6470-4E0D-BAE7-A319749BF251}.Debug|iPhoneSimulator.Build.0 = Debug|Any CPU
		{DBDBD08F-6470-4E0D-BAE7-A319749BF251}.Debug|x64.ActiveCfg = Debug|Any CPU
		{DBDBD08F-6470-4E0D-BAE7-A319749BF251}.Debug|x64.Build.0 = Debug|Any CPU
		{DBDBD08F-6470-4E0D-BAE7-A319749BF251}.Debug|x86.ActiveCfg = Debug|Any CPU
		{DBDBD08F-6470-4E0D-BAE7-A319749BF251}.Debug|x86.Build.0 = Debug|Any CPU
		{DBDBD08F-6470-4E0D-BAE7-A319749BF251}.Release|Any CPU.ActiveCfg = Release|Any CPU
		{DBDBD08F-6470-4E0D-BAE7-A319749BF251}.Release|Any CPU.Build.0 = Release|Any CPU
		{DBDBD08F-6470-4E0D-BAE7-A319749BF251}.Release|ARM.ActiveCfg = Release|Any CPU
		{DBDBD08F-6470-4E0D-BAE7-A319749BF251}.Release|ARM.Build.0 = Release|Any CPU
		{DBDBD08F-6470-4E0D-BAE7-A319749BF251}.Release|iPhone.ActiveCfg = Release|Any CPU
		{DBDBD08F-6470-4E0D-BAE7-A319749BF251}.Release|iPhone.Build.0 = Release|Any CPU
		{DBDBD08F-6470-4E0D-BAE7-A319749BF251}.Release|iPhoneSimulator.ActiveCfg = Release|Any CPU
		{DBDBD08F-6470-4E0D-BAE7-A319749BF251}.Release|iPhoneSimulator.Build.0 = Release|Any CPU
		{DBDBD08F-6470-4E0D-BAE7-A319749BF251}.Release|x64.ActiveCfg = Release|Any CPU
		{DBDBD08F-6470-4E0D-BAE7-A319749BF251}.Release|x64.Build.0 = Release|Any CPU
		{DBDBD08F-6470-4E0D-BAE7-A319749BF251}.Release|x86.ActiveCfg = Release|Any CPU
		{DBDBD08F-6470-4E0D-BAE7-A319749BF251}.Release|x86.Build.0 = Release|Any CPU
		{AEEF1632-9996-4202-8E26-12A34840D09A}.Ad-Hoc|Any CPU.ActiveCfg = Release|x86
		{AEEF1632-9996-4202-8E26-12A34840D09A}.Ad-Hoc|Any CPU.Build.0 = Release|x86
		{AEEF1632-9996-4202-8E26-12A34840D09A}.Ad-Hoc|Any CPU.Deploy.0 = Release|x86
		{AEEF1632-9996-4202-8E26-12A34840D09A}.Ad-Hoc|ARM.ActiveCfg = Release|ARM
		{AEEF1632-9996-4202-8E26-12A34840D09A}.Ad-Hoc|ARM.Build.0 = Release|ARM
		{AEEF1632-9996-4202-8E26-12A34840D09A}.Ad-Hoc|ARM.Deploy.0 = Release|ARM
		{AEEF1632-9996-4202-8E26-12A34840D09A}.Ad-Hoc|iPhone.ActiveCfg = Release|x86
		{AEEF1632-9996-4202-8E26-12A34840D09A}.Ad-Hoc|iPhone.Build.0 = Release|x86
		{AEEF1632-9996-4202-8E26-12A34840D09A}.Ad-Hoc|iPhone.Deploy.0 = Release|x86
		{AEEF1632-9996-4202-8E26-12A34840D09A}.Ad-Hoc|iPhoneSimulator.ActiveCfg = Release|x86
		{AEEF1632-9996-4202-8E26-12A34840D09A}.Ad-Hoc|iPhoneSimulator.Build.0 = Release|x86
		{AEEF1632-9996-4202-8E26-12A34840D09A}.Ad-Hoc|iPhoneSimulator.Deploy.0 = Release|x86
		{AEEF1632-9996-4202-8E26-12A34840D09A}.Ad-Hoc|x64.ActiveCfg = Release|x64
		{AEEF1632-9996-4202-8E26-12A34840D09A}.Ad-Hoc|x64.Build.0 = Release|x64
		{AEEF1632-9996-4202-8E26-12A34840D09A}.Ad-Hoc|x64.Deploy.0 = Release|x64
		{AEEF1632-9996-4202-8E26-12A34840D09A}.Ad-Hoc|x86.ActiveCfg = Release|x86
		{AEEF1632-9996-4202-8E26-12A34840D09A}.Ad-Hoc|x86.Build.0 = Release|x86
		{AEEF1632-9996-4202-8E26-12A34840D09A}.Ad-Hoc|x86.Deploy.0 = Release|x86
		{AEEF1632-9996-4202-8E26-12A34840D09A}.AppStore|Any CPU.ActiveCfg = Release|x86
		{AEEF1632-9996-4202-8E26-12A34840D09A}.AppStore|Any CPU.Build.0 = Release|x86
		{AEEF1632-9996-4202-8E26-12A34840D09A}.AppStore|Any CPU.Deploy.0 = Release|x86
		{AEEF1632-9996-4202-8E26-12A34840D09A}.AppStore|ARM.ActiveCfg = Release|ARM
		{AEEF1632-9996-4202-8E26-12A34840D09A}.AppStore|ARM.Build.0 = Release|ARM
		{AEEF1632-9996-4202-8E26-12A34840D09A}.AppStore|ARM.Deploy.0 = Release|ARM
		{AEEF1632-9996-4202-8E26-12A34840D09A}.AppStore|iPhone.ActiveCfg = Release|x86
		{AEEF1632-9996-4202-8E26-12A34840D09A}.AppStore|iPhone.Build.0 = Release|x86
		{AEEF1632-9996-4202-8E26-12A34840D09A}.AppStore|iPhone.Deploy.0 = Release|x86
		{AEEF1632-9996-4202-8E26-12A34840D09A}.AppStore|iPhoneSimulator.ActiveCfg = Release|x86
		{AEEF1632-9996-4202-8E26-12A34840D09A}.AppStore|iPhoneSimulator.Build.0 = Release|x86
		{AEEF1632-9996-4202-8E26-12A34840D09A}.AppStore|iPhoneSimulator.Deploy.0 = Release|x86
		{AEEF1632-9996-4202-8E26-12A34840D09A}.AppStore|x64.ActiveCfg = Release|x64
		{AEEF1632-9996-4202-8E26-12A34840D09A}.AppStore|x64.Build.0 = Release|x64
		{AEEF1632-9996-4202-8E26-12A34840D09A}.AppStore|x64.Deploy.0 = Release|x64
		{AEEF1632-9996-4202-8E26-12A34840D09A}.AppStore|x86.ActiveCfg = Release|x86
		{AEEF1632-9996-4202-8E26-12A34840D09A}.AppStore|x86.Build.0 = Release|x86
		{AEEF1632-9996-4202-8E26-12A34840D09A}.AppStore|x86.Deploy.0 = Release|x86
		{AEEF1632-9996-4202-8E26-12A34840D09A}.Debug|Any CPU.ActiveCfg = Debug|x86
		{AEEF1632-9996-4202-8E26-12A34840D09A}.Debug|ARM.ActiveCfg = Debug|ARM
		{AEEF1632-9996-4202-8E26-12A34840D09A}.Debug|ARM.Build.0 = Debug|ARM
		{AEEF1632-9996-4202-8E26-12A34840D09A}.Debug|ARM.Deploy.0 = Debug|ARM
		{AEEF1632-9996-4202-8E26-12A34840D09A}.Debug|iPhone.ActiveCfg = Debug|x86
		{AEEF1632-9996-4202-8E26-12A34840D09A}.Debug|iPhoneSimulator.ActiveCfg = Debug|x86
		{AEEF1632-9996-4202-8E26-12A34840D09A}.Debug|x64.ActiveCfg = Debug|x64
		{AEEF1632-9996-4202-8E26-12A34840D09A}.Debug|x64.Build.0 = Debug|x64
		{AEEF1632-9996-4202-8E26-12A34840D09A}.Debug|x64.Deploy.0 = Debug|x64
		{AEEF1632-9996-4202-8E26-12A34840D09A}.Debug|x86.ActiveCfg = Debug|x86
		{AEEF1632-9996-4202-8E26-12A34840D09A}.Debug|x86.Build.0 = Debug|x86
		{AEEF1632-9996-4202-8E26-12A34840D09A}.Debug|x86.Deploy.0 = Debug|x86
		{AEEF1632-9996-4202-8E26-12A34840D09A}.Release|Any CPU.ActiveCfg = Release|x86
		{AEEF1632-9996-4202-8E26-12A34840D09A}.Release|ARM.ActiveCfg = Release|ARM
		{AEEF1632-9996-4202-8E26-12A34840D09A}.Release|ARM.Build.0 = Release|ARM
		{AEEF1632-9996-4202-8E26-12A34840D09A}.Release|ARM.Deploy.0 = Release|ARM
		{AEEF1632-9996-4202-8E26-12A34840D09A}.Release|iPhone.ActiveCfg = Release|x86
		{AEEF1632-9996-4202-8E26-12A34840D09A}.Release|iPhoneSimulator.ActiveCfg = Release|x86
		{AEEF1632-9996-4202-8E26-12A34840D09A}.Release|x64.ActiveCfg = Release|x64
		{AEEF1632-9996-4202-8E26-12A34840D09A}.Release|x64.Build.0 = Release|x64
		{AEEF1632-9996-4202-8E26-12A34840D09A}.Release|x64.Deploy.0 = Release|x64
		{AEEF1632-9996-4202-8E26-12A34840D09A}.Release|x86.ActiveCfg = Release|x86
		{AEEF1632-9996-4202-8E26-12A34840D09A}.Release|x86.Build.0 = Release|x86
		{AEEF1632-9996-4202-8E26-12A34840D09A}.Release|x86.Deploy.0 = Release|x86
		{F7D40A2E-C1EF-4782-A512-102AF5AF46EB}.Ad-Hoc|Any CPU.ActiveCfg = Ad-Hoc|iPhone
		{F7D40A2E-C1EF-4782-A512-102AF5AF46EB}.Ad-Hoc|ARM.ActiveCfg = Ad-Hoc|iPhone
		{F7D40A2E-C1EF-4782-A512-102AF5AF46EB}.Ad-Hoc|iPhone.ActiveCfg = Ad-Hoc|iPhone
		{F7D40A2E-C1EF-4782-A512-102AF5AF46EB}.Ad-Hoc|iPhone.Build.0 = Ad-Hoc|iPhone
		{F7D40A2E-C1EF-4782-A512-102AF5AF46EB}.Ad-Hoc|iPhoneSimulator.ActiveCfg = Ad-Hoc|iPhoneSimulator
		{F7D40A2E-C1EF-4782-A512-102AF5AF46EB}.Ad-Hoc|iPhoneSimulator.Build.0 = Ad-Hoc|iPhoneSimulator
		{F7D40A2E-C1EF-4782-A512-102AF5AF46EB}.Ad-Hoc|x64.ActiveCfg = Ad-Hoc|iPhone
		{F7D40A2E-C1EF-4782-A512-102AF5AF46EB}.Ad-Hoc|x86.ActiveCfg = Ad-Hoc|iPhone
		{F7D40A2E-C1EF-4782-A512-102AF5AF46EB}.AppStore|Any CPU.ActiveCfg = AppStore|iPhone
		{F7D40A2E-C1EF-4782-A512-102AF5AF46EB}.AppStore|ARM.ActiveCfg = AppStore|iPhone
		{F7D40A2E-C1EF-4782-A512-102AF5AF46EB}.AppStore|iPhone.ActiveCfg = AppStore|iPhone
		{F7D40A2E-C1EF-4782-A512-102AF5AF46EB}.AppStore|iPhone.Build.0 = AppStore|iPhone
		{F7D40A2E-C1EF-4782-A512-102AF5AF46EB}.AppStore|iPhoneSimulator.ActiveCfg = AppStore|iPhoneSimulator
		{F7D40A2E-C1EF-4782-A512-102AF5AF46EB}.AppStore|iPhoneSimulator.Build.0 = AppStore|iPhoneSimulator
		{F7D40A2E-C1EF-4782-A512-102AF5AF46EB}.AppStore|x64.ActiveCfg = AppStore|iPhone
		{F7D40A2E-C1EF-4782-A512-102AF5AF46EB}.AppStore|x86.ActiveCfg = AppStore|iPhone
		{F7D40A2E-C1EF-4782-A512-102AF5AF46EB}.Debug|Any CPU.ActiveCfg = Debug|iPhone
		{F7D40A2E-C1EF-4782-A512-102AF5AF46EB}.Debug|ARM.ActiveCfg = Debug|iPhone
		{F7D40A2E-C1EF-4782-A512-102AF5AF46EB}.Debug|iPhone.ActiveCfg = Debug|iPhone
		{F7D40A2E-C1EF-4782-A512-102AF5AF46EB}.Debug|iPhone.Build.0 = Debug|iPhone
		{F7D40A2E-C1EF-4782-A512-102AF5AF46EB}.Debug|iPhoneSimulator.ActiveCfg = Debug|iPhoneSimulator
		{F7D40A2E-C1EF-4782-A512-102AF5AF46EB}.Debug|iPhoneSimulator.Build.0 = Debug|iPhoneSimulator
		{F7D40A2E-C1EF-4782-A512-102AF5AF46EB}.Debug|x64.ActiveCfg = Debug|iPhone
		{F7D40A2E-C1EF-4782-A512-102AF5AF46EB}.Debug|x86.ActiveCfg = Debug|iPhone
		{F7D40A2E-C1EF-4782-A512-102AF5AF46EB}.Release|Any CPU.ActiveCfg = Release|iPhone
		{F7D40A2E-C1EF-4782-A512-102AF5AF46EB}.Release|ARM.ActiveCfg = Release|iPhone
		{F7D40A2E-C1EF-4782-A512-102AF5AF46EB}.Release|iPhone.ActiveCfg = Release|iPhone
		{F7D40A2E-C1EF-4782-A512-102AF5AF46EB}.Release|iPhone.Build.0 = Release|iPhone
		{F7D40A2E-C1EF-4782-A512-102AF5AF46EB}.Release|iPhoneSimulator.ActiveCfg = Release|iPhoneSimulator
		{F7D40A2E-C1EF-4782-A512-102AF5AF46EB}.Release|iPhoneSimulator.Build.0 = Release|iPhoneSimulator
		{F7D40A2E-C1EF-4782-A512-102AF5AF46EB}.Release|x64.ActiveCfg = Release|iPhone
		{F7D40A2E-C1EF-4782-A512-102AF5AF46EB}.Release|x86.ActiveCfg = Release|iPhone
	EndGlobalSection
	GlobalSection(SolutionProperties) = preSolution
		HideSolutionNode = FALSE
	EndGlobalSection
EndGlobal
